// !$*UTF8*$!
{
	archiveVersion = 1;
	classes = {
	};
	objectVersion = 46;
	objects = {

/* Begin PBXBuildFile section */
		F97CEF5C1B916BF700621D33 /* main.m in Sources */ = {isa = PBXBuildFile; fileRef = F97CEF5B1B916BF700621D33 /* main.m */; };
		F97CEF5F1B916BF700621D33 /* AppDelegate.m in Sources */ = {isa = PBXBuildFile; fileRef = F97CEF5E1B916BF700621D33 /* AppDelegate.m */; };
		F97CEF671B916BF700621D33 /* Images.xcassets in Resources */ = {isa = PBXBuildFile; fileRef = F97CEF661B916BF700621D33 /* Images.xcassets */; };
		F97CEF6A1B916BF700621D33 /* LaunchScreen.xib in Resources */ = {isa = PBXBuildFile; fileRef = F97CEF681B916BF700621D33 /* LaunchScreen.xib */; };
		F97CEF761B916BF700621D33 /* CXNetworkingTests.m in Sources */ = {isa = PBXBuildFile; fileRef = F97CEF751B916BF700621D33 /* CXNetworkingTests.m */; };
		F97CEF981B916D7700621D33 /* AFHTTPRequestOperation.m in Sources */ = {isa = PBXBuildFile; fileRef = F97CEF861B916D7700621D33 /* AFHTTPRequestOperation.m */; };
		F97CEF991B916D7700621D33 /* AFHTTPRequestOperationManager.m in Sources */ = {isa = PBXBuildFile; fileRef = F97CEF881B916D7700621D33 /* AFHTTPRequestOperationManager.m */; };
		F97CEF9A1B916D7700621D33 /* AFHTTPSessionManager.m in Sources */ = {isa = PBXBuildFile; fileRef = F97CEF8A1B916D7700621D33 /* AFHTTPSessionManager.m */; };
		F97CEF9B1B916D7700621D33 /* AFNetworkReachabilityManager.m in Sources */ = {isa = PBXBuildFile; fileRef = F97CEF8D1B916D7700621D33 /* AFNetworkReachabilityManager.m */; };
		F97CEF9C1B916D7700621D33 /* AFSecurityPolicy.m in Sources */ = {isa = PBXBuildFile; fileRef = F97CEF8F1B916D7700621D33 /* AFSecurityPolicy.m */; };
		F97CEF9D1B916D7700621D33 /* AFURLConnectionOperation.m in Sources */ = {isa = PBXBuildFile; fileRef = F97CEF911B916D7700621D33 /* AFURLConnectionOperation.m */; };
		F97CEF9E1B916D7700621D33 /* AFURLRequestSerialization.m in Sources */ = {isa = PBXBuildFile; fileRef = F97CEF931B916D7700621D33 /* AFURLRequestSerialization.m */; };
		F97CEF9F1B916D7700621D33 /* AFURLResponseSerialization.m in Sources */ = {isa = PBXBuildFile; fileRef = F97CEF951B916D7700621D33 /* AFURLResponseSerialization.m */; };
		F97CEFA01B916D7700621D33 /* AFURLSessionManager.m in Sources */ = {isa = PBXBuildFile; fileRef = F97CEF971B916D7700621D33 /* AFURLSessionManager.m */; };
		F97CEFAA1B91A56F00621D33 /* NSURLRequest+CXNetworkingMethods.m in Sources */ = {isa = PBXBuildFile; fileRef = F97CEFA91B91A56F00621D33 /* NSURLRequest+CXNetworkingMethods.m */; };
		F97CEFB91B91EE1F00621D33 /* NSDictionary+CXNetworkingMethods.m in Sources */ = {isa = PBXBuildFile; fileRef = F97CEFB81B91EE1F00621D33 /* NSDictionary+CXNetworkingMethods.m */; };
		F97CEFBC1B91EE3500621D33 /* NSArray+CXNetworkingMethods.m in Sources */ = {isa = PBXBuildFile; fileRef = F97CEFBB1B91EE3500621D33 /* NSArray+CXNetworkingMethods.m */; };
		F9A3979B1BA70ED30030BD19 /* CXServiceFactory.m in Sources */ = {isa = PBXBuildFile; fileRef = F9A3979A1BA70ED30030BD19 /* CXServiceFactory.m */; };
		F9A3979E1BA71A160030BD19 /* CXCoreContext.m in Sources */ = {isa = PBXBuildFile; fileRef = F9A3979D1BA71A160030BD19 /* CXCoreContext.m */; };
		F9A397A21BA722890030BD19 /* CXAppUtils.m in Sources */ = {isa = PBXBuildFile; fileRef = F9A397A11BA722890030BD19 /* CXAppUtils.m */; };
		F9A397A51BA7C6230030BD19 /* CXUserDefaults.m in Sources */ = {isa = PBXBuildFile; fileRef = F9A397A41BA7C6230030BD19 /* CXUserDefaults.m */; };
		F9A397AB1BA810370030BD19 /* CXSignatureGenerater.m in Sources */ = {isa = PBXBuildFile; fileRef = F9A397AA1BA810370030BD19 /* CXSignatureGenerater.m */; };
		F9A397AE1BA8149B0030BD19 /* CXCommonParamsGenerater.m in Sources */ = {isa = PBXBuildFile; fileRef = F9A397AD1BA8149B0030BD19 /* CXCommonParamsGenerater.m */; };
		F9A397B11BA8193E0030BD19 /* NSDictionary+Request.m in Sources */ = {isa = PBXBuildFile; fileRef = F9A397B01BA8193E0030BD19 /* NSDictionary+Request.m */; };
		F9A397B41BA81DEC0030BD19 /* NSArray+Request.m in Sources */ = {isa = PBXBuildFile; fileRef = F9A397B31BA81DEC0030BD19 /* NSArray+Request.m */; };
		F9A397B71BA847B10030BD19 /* CXCoreResponse.m in Sources */ = {isa = PBXBuildFile; fileRef = F9A397B61BA847B10030BD19 /* CXCoreResponse.m */; };
		F9F1F9121B9C70000052D17C /* Main.storyboard in Resources */ = {isa = PBXBuildFile; fileRef = F9F1F90F1B9C70000052D17C /* Main.storyboard */; };
		F9F1F9131B9C70000052D17C /* ViewController.m in Sources */ = {isa = PBXBuildFile; fileRef = F9F1F9111B9C70000052D17C /* ViewController.m */; };
		F9F1F9161B9C70640052D17C /* TeHuiAPIManager.m in Sources */ = {isa = PBXBuildFile; fileRef = F9F1F9151B9C70640052D17C /* TeHuiAPIManager.m */; };
		F9F1F9191B9C74380052D17C /* VCTools.m in Sources */ = {isa = PBXBuildFile; fileRef = F9F1F9181B9C74380052D17C /* VCTools.m */; };
		F9F1F92F1B9C90DB0052D17C /* CXApiProxy.m in Sources */ = {isa = PBXBuildFile; fileRef = F9F1F9201B9C90DB0052D17C /* CXApiProxy.m */; };
		F9F1F9301B9C90DB0052D17C /* CXCommonParamsGenerator.m in Sources */ = {isa = PBXBuildFile; fileRef = F9F1F9221B9C90DB0052D17C /* CXCommonParamsGenerator.m */; };
		F9F1F9311B9C90DB0052D17C /* CXNetworkingBaseAPIManager.m in Sources */ = {isa = PBXBuildFile; fileRef = F9F1F9241B9C90DB0052D17C /* CXNetworkingBaseAPIManager.m */; };
		F9F1F9321B9C90DB0052D17C /* CXNetworkingConfiguration.m in Sources */ = {isa = PBXBuildFile; fileRef = F9F1F9261B9C90DB0052D17C /* CXNetworkingConfiguration.m */; };
		F9F1F9331B9C90DB0052D17C /* CXRequestContext.m in Sources */ = {isa = PBXBuildFile; fileRef = F9F1F9281B9C90DB0052D17C /* CXRequestContext.m */; };
		F9F1F9341B9C90DB0052D17C /* CXRequestGenerator.m in Sources */ = {isa = PBXBuildFile; fileRef = F9F1F92A1B9C90DB0052D17C /* CXRequestGenerator.m */; };
		F9F1F9351B9C90DB0052D17C /* CXService.m in Sources */ = {isa = PBXBuildFile; fileRef = F9F1F92C1B9C90DB0052D17C /* CXService.m */; };
		F9F1F9361B9C90DB0052D17C /* CXURLResponse.m in Sources */ = {isa = PBXBuildFile; fileRef = F9F1F92E1B9C90DB0052D17C /* CXURLResponse.m */; };
		F9F1F98B1B9DE1D30052D17C /* CXCoreProxy.m in Sources */ = {isa = PBXBuildFile; fileRef = F9F1F9871B9DE1D30052D17C /* CXCoreProxy.m */; };
		F9F1F98E1B9DE21C0052D17C /* CXCoreRequest.m in Sources */ = {isa = PBXBuildFile; fileRef = F9F1F98D1B9DE21C0052D17C /* CXCoreRequest.m */; };
		F9F1F9911B9E8C190052D17C /* CXCoreService.m in Sources */ = {isa = PBXBuildFile; fileRef = F9F1F9901B9E8C190052D17C /* CXCoreService.m */; };
		F9F1FA111BA154020052D17C /* CXDefaultService.m in Sources */ = {isa = PBXBuildFile; fileRef = F9F1FA101BA154020052D17C /* CXDefaultService.m */; };
		F9F1FA141BA154E90052D17C /* CXTeHuiService.m in Sources */ = {isa = PBXBuildFile; fileRef = F9F1FA131BA154E90052D17C /* CXTeHuiService.m */; };
/* End PBXBuildFile section */

/* Begin PBXContainerItemProxy section */
		F97CEF701B916BF700621D33 /* PBXContainerItemProxy */ = {
			isa = PBXContainerItemProxy;
			containerPortal = F97CEF4E1B916BF700621D33 /* Project object */;
			proxyType = 1;
			remoteGlobalIDString = F97CEF551B916BF700621D33;
			remoteInfo = CXNetworking;
		};
/* End PBXContainerItemProxy section */

/* Begin PBXFileReference section */
		F97CEF561B916BF700621D33 /* CXNetworking.app */ = {isa = PBXFileReference; explicitFileType = wrapper.application; includeInIndex = 0; path = CXNetworking.app; sourceTree = BUILT_PRODUCTS_DIR; };
		F97CEF5A1B916BF700621D33 /* Info.plist */ = {isa = PBXFileReference; lastKnownFileType = text.plist.xml; path = Info.plist; sourceTree = "<group>"; };
		F97CEF5B1B916BF700621D33 /* main.m */ = {isa = PBXFileReference; lastKnownFileType = sourcecode.c.objc; path = main.m; sourceTree = "<group>"; };
		F97CEF5D1B916BF700621D33 /* AppDelegate.h */ = {isa = PBXFileReference; lastKnownFileType = sourcecode.c.h; path = AppDelegate.h; sourceTree = "<group>"; };
		F97CEF5E1B916BF700621D33 /* AppDelegate.m */ = {isa = PBXFileReference; lastKnownFileType = sourcecode.c.objc; path = AppDelegate.m; sourceTree = "<group>"; };
		F97CEF661B916BF700621D33 /* Images.xcassets */ = {isa = PBXFileReference; lastKnownFileType = folder.assetcatalog; path = Images.xcassets; sourceTree = "<group>"; };
		F97CEF691B916BF700621D33 /* Base */ = {isa = PBXFileReference; lastKnownFileType = file.xib; name = Base; path = Base.lproj/LaunchScreen.xib; sourceTree = "<group>"; };
		F97CEF6F1B916BF700621D33 /* CXNetworkingTests.xctest */ = {isa = PBXFileReference; explicitFileType = wrapper.cfbundle; includeInIndex = 0; path = CXNetworkingTests.xctest; sourceTree = BUILT_PRODUCTS_DIR; };
		F97CEF741B916BF700621D33 /* Info.plist */ = {isa = PBXFileReference; lastKnownFileType = text.plist.xml; path = Info.plist; sourceTree = "<group>"; };
		F97CEF751B916BF700621D33 /* CXNetworkingTests.m */ = {isa = PBXFileReference; lastKnownFileType = sourcecode.c.objc; path = CXNetworkingTests.m; sourceTree = "<group>"; };
		F97CEF851B916D7700621D33 /* AFHTTPRequestOperation.h */ = {isa = PBXFileReference; fileEncoding = 4; lastKnownFileType = sourcecode.c.h; path = AFHTTPRequestOperation.h; sourceTree = "<group>"; };
		F97CEF861B916D7700621D33 /* AFHTTPRequestOperation.m */ = {isa = PBXFileReference; fileEncoding = 4; lastKnownFileType = sourcecode.c.objc; path = AFHTTPRequestOperation.m; sourceTree = "<group>"; };
		F97CEF871B916D7700621D33 /* AFHTTPRequestOperationManager.h */ = {isa = PBXFileReference; fileEncoding = 4; lastKnownFileType = sourcecode.c.h; path = AFHTTPRequestOperationManager.h; sourceTree = "<group>"; };
		F97CEF881B916D7700621D33 /* AFHTTPRequestOperationManager.m */ = {isa = PBXFileReference; fileEncoding = 4; lastKnownFileType = sourcecode.c.objc; path = AFHTTPRequestOperationManager.m; sourceTree = "<group>"; };
		F97CEF891B916D7700621D33 /* AFHTTPSessionManager.h */ = {isa = PBXFileReference; fileEncoding = 4; lastKnownFileType = sourcecode.c.h; path = AFHTTPSessionManager.h; sourceTree = "<group>"; };
		F97CEF8A1B916D7700621D33 /* AFHTTPSessionManager.m */ = {isa = PBXFileReference; fileEncoding = 4; lastKnownFileType = sourcecode.c.objc; path = AFHTTPSessionManager.m; sourceTree = "<group>"; };
		F97CEF8B1B916D7700621D33 /* AFNetworking.h */ = {isa = PBXFileReference; fileEncoding = 4; lastKnownFileType = sourcecode.c.h; path = AFNetworking.h; sourceTree = "<group>"; };
		F97CEF8C1B916D7700621D33 /* AFNetworkReachabilityManager.h */ = {isa = PBXFileReference; fileEncoding = 4; lastKnownFileType = sourcecode.c.h; path = AFNetworkReachabilityManager.h; sourceTree = "<group>"; };
		F97CEF8D1B916D7700621D33 /* AFNetworkReachabilityManager.m */ = {isa = PBXFileReference; fileEncoding = 4; lastKnownFileType = sourcecode.c.objc; path = AFNetworkReachabilityManager.m; sourceTree = "<group>"; };
		F97CEF8E1B916D7700621D33 /* AFSecurityPolicy.h */ = {isa = PBXFileReference; fileEncoding = 4; lastKnownFileType = sourcecode.c.h; path = AFSecurityPolicy.h; sourceTree = "<group>"; };
		F97CEF8F1B916D7700621D33 /* AFSecurityPolicy.m */ = {isa = PBXFileReference; fileEncoding = 4; lastKnownFileType = sourcecode.c.objc; path = AFSecurityPolicy.m; sourceTree = "<group>"; };
		F97CEF901B916D7700621D33 /* AFURLConnectionOperation.h */ = {isa = PBXFileReference; fileEncoding = 4; lastKnownFileType = sourcecode.c.h; path = AFURLConnectionOperation.h; sourceTree = "<group>"; };
		F97CEF911B916D7700621D33 /* AFURLConnectionOperation.m */ = {isa = PBXFileReference; fileEncoding = 4; lastKnownFileType = sourcecode.c.objc; path = AFURLConnectionOperation.m; sourceTree = "<group>"; };
		F97CEF921B916D7700621D33 /* AFURLRequestSerialization.h */ = {isa = PBXFileReference; fileEncoding = 4; lastKnownFileType = sourcecode.c.h; path = AFURLRequestSerialization.h; sourceTree = "<group>"; };
		F97CEF931B916D7700621D33 /* AFURLRequestSerialization.m */ = {isa = PBXFileReference; fileEncoding = 4; lastKnownFileType = sourcecode.c.objc; path = AFURLRequestSerialization.m; sourceTree = "<group>"; };
		F97CEF941B916D7700621D33 /* AFURLResponseSerialization.h */ = {isa = PBXFileReference; fileEncoding = 4; lastKnownFileType = sourcecode.c.h; path = AFURLResponseSerialization.h; sourceTree = "<group>"; };
		F97CEF951B916D7700621D33 /* AFURLResponseSerialization.m */ = {isa = PBXFileReference; fileEncoding = 4; lastKnownFileType = sourcecode.c.objc; path = AFURLResponseSerialization.m; sourceTree = "<group>"; };
		F97CEF961B916D7700621D33 /* AFURLSessionManager.h */ = {isa = PBXFileReference; fileEncoding = 4; lastKnownFileType = sourcecode.c.h; path = AFURLSessionManager.h; sourceTree = "<group>"; };
		F97CEF971B916D7700621D33 /* AFURLSessionManager.m */ = {isa = PBXFileReference; fileEncoding = 4; lastKnownFileType = sourcecode.c.objc; path = AFURLSessionManager.m; sourceTree = "<group>"; };
		F97CEFA81B91A56F00621D33 /* NSURLRequest+CXNetworkingMethods.h */ = {isa = PBXFileReference; fileEncoding = 4; lastKnownFileType = sourcecode.c.h; path = "NSURLRequest+CXNetworkingMethods.h"; sourceTree = "<group>"; };
		F97CEFA91B91A56F00621D33 /* NSURLRequest+CXNetworkingMethods.m */ = {isa = PBXFileReference; fileEncoding = 4; lastKnownFileType = sourcecode.c.objc; path = "NSURLRequest+CXNetworkingMethods.m"; sourceTree = "<group>"; };
		F97CEFB71B91EE1F00621D33 /* NSDictionary+CXNetworkingMethods.h */ = {isa = PBXFileReference; fileEncoding = 4; lastKnownFileType = sourcecode.c.h; path = "NSDictionary+CXNetworkingMethods.h"; sourceTree = "<group>"; };
		F97CEFB81B91EE1F00621D33 /* NSDictionary+CXNetworkingMethods.m */ = {isa = PBXFileReference; fileEncoding = 4; lastKnownFileType = sourcecode.c.objc; path = "NSDictionary+CXNetworkingMethods.m"; sourceTree = "<group>"; };
		F97CEFBA1B91EE3500621D33 /* NSArray+CXNetworkingMethods.h */ = {isa = PBXFileReference; fileEncoding = 4; lastKnownFileType = sourcecode.c.h; path = "NSArray+CXNetworkingMethods.h"; sourceTree = "<group>"; };
		F97CEFBB1B91EE3500621D33 /* NSArray+CXNetworkingMethods.m */ = {isa = PBXFileReference; fileEncoding = 4; lastKnownFileType = sourcecode.c.objc; path = "NSArray+CXNetworkingMethods.m"; sourceTree = "<group>"; };
		F9A397991BA70ED30030BD19 /* CXServiceFactory.h */ = {isa = PBXFileReference; fileEncoding = 4; lastKnownFileType = sourcecode.c.h; path = CXServiceFactory.h; sourceTree = "<group>"; };
		F9A3979A1BA70ED30030BD19 /* CXServiceFactory.m */ = {isa = PBXFileReference; fileEncoding = 4; lastKnownFileType = sourcecode.c.objc; path = CXServiceFactory.m; sourceTree = "<group>"; };
		F9A3979C1BA71A160030BD19 /* CXCoreContext.h */ = {isa = PBXFileReference; fileEncoding = 4; lastKnownFileType = sourcecode.c.h; path = CXCoreContext.h; sourceTree = "<group>"; };
		F9A3979D1BA71A160030BD19 /* CXCoreContext.m */ = {isa = PBXFileReference; fileEncoding = 4; lastKnownFileType = sourcecode.c.objc; path = CXCoreContext.m; sourceTree = "<group>"; };
		F9A397A01BA722890030BD19 /* CXAppUtils.h */ = {isa = PBXFileReference; fileEncoding = 4; lastKnownFileType = sourcecode.c.h; path = CXAppUtils.h; sourceTree = "<group>"; };
		F9A397A11BA722890030BD19 /* CXAppUtils.m */ = {isa = PBXFileReference; fileEncoding = 4; lastKnownFileType = sourcecode.c.objc; path = CXAppUtils.m; sourceTree = "<group>"; };
		F9A397A31BA7C6230030BD19 /* CXUserDefaults.h */ = {isa = PBXFileReference; fileEncoding = 4; lastKnownFileType = sourcecode.c.h; path = CXUserDefaults.h; sourceTree = "<group>"; };
		F9A397A41BA7C6230030BD19 /* CXUserDefaults.m */ = {isa = PBXFileReference; fileEncoding = 4; lastKnownFileType = sourcecode.c.objc; path = CXUserDefaults.m; sourceTree = "<group>"; };
		F9A397A91BA810370030BD19 /* CXSignatureGenerater.h */ = {isa = PBXFileReference; fileEncoding = 4; lastKnownFileType = sourcecode.c.h; path = CXSignatureGenerater.h; sourceTree = "<group>"; };
		F9A397AA1BA810370030BD19 /* CXSignatureGenerater.m */ = {isa = PBXFileReference; fileEncoding = 4; lastKnownFileType = sourcecode.c.objc; path = CXSignatureGenerater.m; sourceTree = "<group>"; };
		F9A397AC1BA8149B0030BD19 /* CXCommonParamsGenerater.h */ = {isa = PBXFileReference; fileEncoding = 4; lastKnownFileType = sourcecode.c.h; path = CXCommonParamsGenerater.h; sourceTree = "<group>"; };
		F9A397AD1BA8149B0030BD19 /* CXCommonParamsGenerater.m */ = {isa = PBXFileReference; fileEncoding = 4; lastKnownFileType = sourcecode.c.objc; path = CXCommonParamsGenerater.m; sourceTree = "<group>"; };
		F9A397AF1BA8193E0030BD19 /* NSDictionary+Request.h */ = {isa = PBXFileReference; fileEncoding = 4; lastKnownFileType = sourcecode.c.h; path = "NSDictionary+Request.h"; sourceTree = "<group>"; };
		F9A397B01BA8193E0030BD19 /* NSDictionary+Request.m */ = {isa = PBXFileReference; fileEncoding = 4; lastKnownFileType = sourcecode.c.objc; path = "NSDictionary+Request.m"; sourceTree = "<group>"; };
		F9A397B21BA81DEC0030BD19 /* NSArray+Request.h */ = {isa = PBXFileReference; fileEncoding = 4; lastKnownFileType = sourcecode.c.h; path = "NSArray+Request.h"; sourceTree = "<group>"; };
		F9A397B31BA81DEC0030BD19 /* NSArray+Request.m */ = {isa = PBXFileReference; fileEncoding = 4; lastKnownFileType = sourcecode.c.objc; path = "NSArray+Request.m"; sourceTree = "<group>"; };
		F9A397B51BA847B10030BD19 /* CXCoreResponse.h */ = {isa = PBXFileReference; fileEncoding = 4; lastKnownFileType = sourcecode.c.h; path = CXCoreResponse.h; sourceTree = "<group>"; };
		F9A397B61BA847B10030BD19 /* CXCoreResponse.m */ = {isa = PBXFileReference; fileEncoding = 4; lastKnownFileType = sourcecode.c.objc; path = CXCoreResponse.m; sourceTree = "<group>"; };
		F9F1F90F1B9C70000052D17C /* Main.storyboard */ = {isa = PBXFileReference; fileEncoding = 4; lastKnownFileType = file.storyboard; path = Main.storyboard; sourceTree = "<group>"; };
		F9F1F9101B9C70000052D17C /* ViewController.h */ = {isa = PBXFileReference; fileEncoding = 4; lastKnownFileType = sourcecode.c.h; path = ViewController.h; sourceTree = "<group>"; };
		F9F1F9111B9C70000052D17C /* ViewController.m */ = {isa = PBXFileReference; fileEncoding = 4; lastKnownFileType = sourcecode.c.objc; path = ViewController.m; sourceTree = "<group>"; };
		F9F1F9141B9C70640052D17C /* TeHuiAPIManager.h */ = {isa = PBXFileReference; fileEncoding = 4; lastKnownFileType = sourcecode.c.h; path = TeHuiAPIManager.h; sourceTree = "<group>"; };
		F9F1F9151B9C70640052D17C /* TeHuiAPIManager.m */ = {isa = PBXFileReference; fileEncoding = 4; lastKnownFileType = sourcecode.c.objc; path = TeHuiAPIManager.m; sourceTree = "<group>"; };
		F9F1F9171B9C74380052D17C /* VCTools.h */ = {isa = PBXFileReference; fileEncoding = 4; lastKnownFileType = sourcecode.c.h; path = VCTools.h; sourceTree = "<group>"; };
		F9F1F9181B9C74380052D17C /* VCTools.m */ = {isa = PBXFileReference; fileEncoding = 4; lastKnownFileType = sourcecode.c.objc; path = VCTools.m; sourceTree = "<group>"; };
		F9F1F91F1B9C90DB0052D17C /* CXApiProxy.h */ = {isa = PBXFileReference; fileEncoding = 4; lastKnownFileType = sourcecode.c.h; path = CXApiProxy.h; sourceTree = "<group>"; };
		F9F1F9201B9C90DB0052D17C /* CXApiProxy.m */ = {isa = PBXFileReference; fileEncoding = 4; lastKnownFileType = sourcecode.c.objc; path = CXApiProxy.m; sourceTree = "<group>"; };
		F9F1F9211B9C90DB0052D17C /* CXCommonParamsGenerator.h */ = {isa = PBXFileReference; fileEncoding = 4; lastKnownFileType = sourcecode.c.h; path = CXCommonParamsGenerator.h; sourceTree = "<group>"; };
		F9F1F9221B9C90DB0052D17C /* CXCommonParamsGenerator.m */ = {isa = PBXFileReference; fileEncoding = 4; lastKnownFileType = sourcecode.c.objc; path = CXCommonParamsGenerator.m; sourceTree = "<group>"; };
		F9F1F9231B9C90DB0052D17C /* CXNetworkingBaseAPIManager.h */ = {isa = PBXFileReference; fileEncoding = 4; lastKnownFileType = sourcecode.c.h; path = CXNetworkingBaseAPIManager.h; sourceTree = "<group>"; };
		F9F1F9241B9C90DB0052D17C /* CXNetworkingBaseAPIManager.m */ = {isa = PBXFileReference; fileEncoding = 4; lastKnownFileType = sourcecode.c.objc; path = CXNetworkingBaseAPIManager.m; sourceTree = "<group>"; };
		F9F1F9251B9C90DB0052D17C /* CXNetworkingConfiguration.h */ = {isa = PBXFileReference; fileEncoding = 4; lastKnownFileType = sourcecode.c.h; path = CXNetworkingConfiguration.h; sourceTree = "<group>"; };
		F9F1F9261B9C90DB0052D17C /* CXNetworkingConfiguration.m */ = {isa = PBXFileReference; fileEncoding = 4; lastKnownFileType = sourcecode.c.objc; path = CXNetworkingConfiguration.m; sourceTree = "<group>"; };
		F9F1F9271B9C90DB0052D17C /* CXRequestContext.h */ = {isa = PBXFileReference; fileEncoding = 4; lastKnownFileType = sourcecode.c.h; path = CXRequestContext.h; sourceTree = "<group>"; };
		F9F1F9281B9C90DB0052D17C /* CXRequestContext.m */ = {isa = PBXFileReference; fileEncoding = 4; lastKnownFileType = sourcecode.c.objc; path = CXRequestContext.m; sourceTree = "<group>"; };
		F9F1F9291B9C90DB0052D17C /* CXRequestGenerator.h */ = {isa = PBXFileReference; fileEncoding = 4; lastKnownFileType = sourcecode.c.h; path = CXRequestGenerator.h; sourceTree = "<group>"; };
		F9F1F92A1B9C90DB0052D17C /* CXRequestGenerator.m */ = {isa = PBXFileReference; fileEncoding = 4; lastKnownFileType = sourcecode.c.objc; path = CXRequestGenerator.m; sourceTree = "<group>"; };
		F9F1F92B1B9C90DB0052D17C /* CXService.h */ = {isa = PBXFileReference; fileEncoding = 4; lastKnownFileType = sourcecode.c.h; path = CXService.h; sourceTree = "<group>"; };
		F9F1F92C1B9C90DB0052D17C /* CXService.m */ = {isa = PBXFileReference; fileEncoding = 4; lastKnownFileType = sourcecode.c.objc; path = CXService.m; sourceTree = "<group>"; };
		F9F1F92D1B9C90DB0052D17C /* CXURLResponse.h */ = {isa = PBXFileReference; fileEncoding = 4; lastKnownFileType = sourcecode.c.h; path = CXURLResponse.h; sourceTree = "<group>"; };
		F9F1F92E1B9C90DB0052D17C /* CXURLResponse.m */ = {isa = PBXFileReference; fileEncoding = 4; lastKnownFileType = sourcecode.c.objc; path = CXURLResponse.m; sourceTree = "<group>"; };
		F9F1F9861B9DE1D30052D17C /* CXCoreProxy.h */ = {isa = PBXFileReference; fileEncoding = 4; lastKnownFileType = sourcecode.c.h; path = CXCoreProxy.h; sourceTree = "<group>"; };
		F9F1F9871B9DE1D30052D17C /* CXCoreProxy.m */ = {isa = PBXFileReference; fileEncoding = 4; lastKnownFileType = sourcecode.c.objc; path = CXCoreProxy.m; sourceTree = "<group>"; };
		F9F1F98C1B9DE21C0052D17C /* CXCoreRequest.h */ = {isa = PBXFileReference; fileEncoding = 4; lastKnownFileType = sourcecode.c.h; path = CXCoreRequest.h; sourceTree = "<group>"; };
		F9F1F98D1B9DE21C0052D17C /* CXCoreRequest.m */ = {isa = PBXFileReference; fileEncoding = 4; lastKnownFileType = sourcecode.c.objc; path = CXCoreRequest.m; sourceTree = "<group>"; };
		F9F1F98F1B9E8C190052D17C /* CXCoreService.h */ = {isa = PBXFileReference; fileEncoding = 4; lastKnownFileType = sourcecode.c.h; path = CXCoreService.h; sourceTree = "<group>"; };
		F9F1F9901B9E8C190052D17C /* CXCoreService.m */ = {isa = PBXFileReference; fileEncoding = 4; lastKnownFileType = sourcecode.c.objc; path = CXCoreService.m; sourceTree = "<group>"; };
		F9F1FA0F1BA154020052D17C /* CXDefaultService.h */ = {isa = PBXFileReference; fileEncoding = 4; lastKnownFileType = sourcecode.c.h; path = CXDefaultService.h; sourceTree = "<group>"; };
		F9F1FA101BA154020052D17C /* CXDefaultService.m */ = {isa = PBXFileReference; fileEncoding = 4; lastKnownFileType = sourcecode.c.objc; path = CXDefaultService.m; sourceTree = "<group>"; };
		F9F1FA121BA154E90052D17C /* CXTeHuiService.h */ = {isa = PBXFileReference; fileEncoding = 4; lastKnownFileType = sourcecode.c.h; path = CXTeHuiService.h; sourceTree = "<group>"; };
		F9F1FA131BA154E90052D17C /* CXTeHuiService.m */ = {isa = PBXFileReference; fileEncoding = 4; lastKnownFileType = sourcecode.c.objc; path = CXTeHuiService.m; sourceTree = "<group>"; };
/* End PBXFileReference section */

/* Begin PBXFrameworksBuildPhase section */
		F97CEF531B916BF700621D33 /* Frameworks */ = {
			isa = PBXFrameworksBuildPhase;
			buildActionMask = 2147483647;
			files = (
			);
			runOnlyForDeploymentPostprocessing = 0;
		};
		F97CEF6C1B916BF700621D33 /* Frameworks */ = {
			isa = PBXFrameworksBuildPhase;
			buildActionMask = 2147483647;
			files = (
			);
			runOnlyForDeploymentPostprocessing = 0;
		};
/* End PBXFrameworksBuildPhase section */

/* Begin PBXGroup section */
		F97CEF4D1B916BF700621D33 = {
			isa = PBXGroup;
			children = (
				F97CEF581B916BF700621D33 /* CXNetworking */,
				F97CEF721B916BF700621D33 /* CXNetworkingTests */,
				F97CEF571B916BF700621D33 /* Products */,
			);
			sourceTree = "<group>";
		};
		F97CEF571B916BF700621D33 /* Products */ = {
			isa = PBXGroup;
			children = (
				F97CEF561B916BF700621D33 /* CXNetworking.app */,
				F97CEF6F1B916BF700621D33 /* CXNetworkingTests.xctest */,
			);
			name = Products;
			sourceTree = "<group>";
		};
		F97CEF581B916BF700621D33 /* CXNetworking */ = {
			isa = PBXGroup;
			children = (
				F97CEF7F1B916CFB00621D33 /* CXNetworking */,
				F9F1F90E1B9C70000052D17C /* Example */,
				F97CEF591B916BF700621D33 /* Supporting Files */,
			);
			path = CXNetworking;
			sourceTree = "<group>";
		};
		F97CEF591B916BF700621D33 /* Supporting Files */ = {
			isa = PBXGroup;
			children = (
				F97CEF681B916BF700621D33 /* LaunchScreen.xib */,
				F97CEF661B916BF700621D33 /* Images.xcassets */,
				F97CEF5D1B916BF700621D33 /* AppDelegate.h */,
				F97CEF5E1B916BF700621D33 /* AppDelegate.m */,
				F97CEF5A1B916BF700621D33 /* Info.plist */,
				F97CEF5B1B916BF700621D33 /* main.m */,
			);
			name = "Supporting Files";
			sourceTree = "<group>";
		};
		F97CEF721B916BF700621D33 /* CXNetworkingTests */ = {
			isa = PBXGroup;
			children = (
				F97CEF751B916BF700621D33 /* CXNetworkingTests.m */,
				F97CEF731B916BF700621D33 /* Supporting Files */,
			);
			path = CXNetworkingTests;
			sourceTree = "<group>";
		};
		F97CEF731B916BF700621D33 /* Supporting Files */ = {
			isa = PBXGroup;
			children = (
				F97CEF741B916BF700621D33 /* Info.plist */,
			);
			name = "Supporting Files";
			sourceTree = "<group>";
		};
		F97CEF7F1B916CFB00621D33 /* CXNetworking */ = {
			isa = PBXGroup;
			children = (
				F9F1F91A1B9C87710052D17C /* Core */,
				F97CEFA71B91A53A00621D33 /* Categories */,
				F97CEF831B916D4A00621D33 /* Lib */,
				F9F1F91E1B9C90DB0052D17C /* CXNetworkingTest */,
			);
			path = CXNetworking;
			sourceTree = "<group>";
		};
		F97CEF831B916D4A00621D33 /* Lib */ = {
			isa = PBXGroup;
			children = (
				F97CEF841B916D7700621D33 /* AFNetworking */,
			);
			path = Lib;
			sourceTree = "<group>";
		};
		F97CEF841B916D7700621D33 /* AFNetworking */ = {
			isa = PBXGroup;
			children = (
				F97CEF851B916D7700621D33 /* AFHTTPRequestOperation.h */,
				F97CEF861B916D7700621D33 /* AFHTTPRequestOperation.m */,
				F97CEF871B916D7700621D33 /* AFHTTPRequestOperationManager.h */,
				F97CEF881B916D7700621D33 /* AFHTTPRequestOperationManager.m */,
				F97CEF891B916D7700621D33 /* AFHTTPSessionManager.h */,
				F97CEF8A1B916D7700621D33 /* AFHTTPSessionManager.m */,
				F97CEF8B1B916D7700621D33 /* AFNetworking.h */,
				F97CEF8C1B916D7700621D33 /* AFNetworkReachabilityManager.h */,
				F97CEF8D1B916D7700621D33 /* AFNetworkReachabilityManager.m */,
				F97CEF8E1B916D7700621D33 /* AFSecurityPolicy.h */,
				F97CEF8F1B916D7700621D33 /* AFSecurityPolicy.m */,
				F97CEF901B916D7700621D33 /* AFURLConnectionOperation.h */,
				F97CEF911B916D7700621D33 /* AFURLConnectionOperation.m */,
				F97CEF921B916D7700621D33 /* AFURLRequestSerialization.h */,
				F97CEF931B916D7700621D33 /* AFURLRequestSerialization.m */,
				F97CEF941B916D7700621D33 /* AFURLResponseSerialization.h */,
				F97CEF951B916D7700621D33 /* AFURLResponseSerialization.m */,
				F97CEF961B916D7700621D33 /* AFURLSessionManager.h */,
				F97CEF971B916D7700621D33 /* AFURLSessionManager.m */,
			);
			path = AFNetworking;
			sourceTree = "<group>";
		};
		F97CEFA71B91A53A00621D33 /* Categories */ = {
			isa = PBXGroup;
			children = (
				F97CEFA81B91A56F00621D33 /* NSURLRequest+CXNetworkingMethods.h */,
				F97CEFA91B91A56F00621D33 /* NSURLRequest+CXNetworkingMethods.m */,
				F97CEFB71B91EE1F00621D33 /* NSDictionary+CXNetworkingMethods.h */,
				F97CEFB81B91EE1F00621D33 /* NSDictionary+CXNetworkingMethods.m */,
				F97CEFBA1B91EE3500621D33 /* NSArray+CXNetworkingMethods.h */,
				F97CEFBB1B91EE3500621D33 /* NSArray+CXNetworkingMethods.m */,
			);
			path = Categories;
			sourceTree = "<group>";
		};
		F9A3979F1BA7217B0030BD19 /* Tools */ = {
			isa = PBXGroup;
			children = (
				F9A397A01BA722890030BD19 /* CXAppUtils.h */,
				F9A397A11BA722890030BD19 /* CXAppUtils.m */,
				F9A397A31BA7C6230030BD19 /* CXUserDefaults.h */,
				F9A397A41BA7C6230030BD19 /* CXUserDefaults.m */,
				F9A397AF1BA8193E0030BD19 /* NSDictionary+Request.h */,
				F9A397B01BA8193E0030BD19 /* NSDictionary+Request.m */,
				F9A397B21BA81DEC0030BD19 /* NSArray+Request.h */,
				F9A397B31BA81DEC0030BD19 /* NSArray+Request.m */,
			);
			name = Tools;
			path = Service/Tools;
			sourceTree = "<group>";
		};
		F9F1F90E1B9C70000052D17C /* Example */ = {
			isa = PBXGroup;
			children = (
				F9F1F9101B9C70000052D17C /* ViewController.h */,
				F9F1F9111B9C70000052D17C /* ViewController.m */,
				F9F1F90F1B9C70000052D17C /* Main.storyboard */,
				F9F1F9141B9C70640052D17C /* TeHuiAPIManager.h */,
				F9F1F9151B9C70640052D17C /* TeHuiAPIManager.m */,
				F9F1F9171B9C74380052D17C /* VCTools.h */,
				F9F1F9181B9C74380052D17C /* VCTools.m */,
			);
			path = Example;
			sourceTree = "<group>";
		};
		F9F1F91A1B9C87710052D17C /* Core */ = {
			isa = PBXGroup;
			children = (
				F9F1F9841B9DE1D30052D17C /* Context */,
				F9F1F9851B9DE1D30052D17C /* Proxy */,
				F9F1F9881B9DE1D30052D17C /* Request */,
				F9F1F9891B9DE1D30052D17C /* Response */,
				F9F1F98A1B9DE1D30052D17C /* Service */,
				F9A3979F1BA7217B0030BD19 /* Tools */,
			);
			path = Core;
			sourceTree = "<group>";
		};
		F9F1F91E1B9C90DB0052D17C /* CXNetworkingTest */ = {
			isa = PBXGroup;
			children = (
				F9F1F91F1B9C90DB0052D17C /* CXApiProxy.h */,
				F9F1F9201B9C90DB0052D17C /* CXApiProxy.m */,
				F9F1F9211B9C90DB0052D17C /* CXCommonParamsGenerator.h */,
				F9F1F9221B9C90DB0052D17C /* CXCommonParamsGenerator.m */,
				F9F1F9231B9C90DB0052D17C /* CXNetworkingBaseAPIManager.h */,
				F9F1F9241B9C90DB0052D17C /* CXNetworkingBaseAPIManager.m */,
				F9F1F9251B9C90DB0052D17C /* CXNetworkingConfiguration.h */,
				F9F1F9261B9C90DB0052D17C /* CXNetworkingConfiguration.m */,
				F9F1F9271B9C90DB0052D17C /* CXRequestContext.h */,
				F9F1F9281B9C90DB0052D17C /* CXRequestContext.m */,
				F9F1F9291B9C90DB0052D17C /* CXRequestGenerator.h */,
				F9F1F92A1B9C90DB0052D17C /* CXRequestGenerator.m */,
				F9F1F92B1B9C90DB0052D17C /* CXService.h */,
				F9F1F92C1B9C90DB0052D17C /* CXService.m */,
				F9F1F92D1B9C90DB0052D17C /* CXURLResponse.h */,
				F9F1F92E1B9C90DB0052D17C /* CXURLResponse.m */,
			);
			path = CXNetworkingTest;
			sourceTree = "<group>";
		};
		F9F1F9841B9DE1D30052D17C /* Context */ = {
			isa = PBXGroup;
			children = (
				F9A3979C1BA71A160030BD19 /* CXCoreContext.h */,
				F9A3979D1BA71A160030BD19 /* CXCoreContext.m */,
				F9A397A91BA810370030BD19 /* CXSignatureGenerater.h */,
				F9A397AA1BA810370030BD19 /* CXSignatureGenerater.m */,
				F9A397AC1BA8149B0030BD19 /* CXCommonParamsGenerater.h */,
				F9A397AD1BA8149B0030BD19 /* CXCommonParamsGenerater.m */,
			);
			path = Context;
			sourceTree = "<group>";
		};
		F9F1F9851B9DE1D30052D17C /* Proxy */ = {
			isa = PBXGroup;
			children = (
				F9F1F9861B9DE1D30052D17C /* CXCoreProxy.h */,
				F9F1F9871B9DE1D30052D17C /* CXCoreProxy.m */,
			);
			path = Proxy;
			sourceTree = "<group>";
		};
		F9F1F9881B9DE1D30052D17C /* Request */ = {
			isa = PBXGroup;
			children = (
				F9F1F98C1B9DE21C0052D17C /* CXCoreRequest.h */,
				F9F1F98D1B9DE21C0052D17C /* CXCoreRequest.m */,
			);
			path = Request;
			sourceTree = "<group>";
		};
		F9F1F9891B9DE1D30052D17C /* Response */ = {
			isa = PBXGroup;
			children = (
				F9A397B51BA847B10030BD19 /* CXCoreResponse.h */,
				F9A397B61BA847B10030BD19 /* CXCoreResponse.m */,
			);
			path = Response;
			sourceTree = "<group>";
		};
		F9F1F98A1B9DE1D30052D17C /* Service */ = {
			isa = PBXGroup;
			children = (
				F9F1F98F1B9E8C190052D17C /* CXCoreService.h */,
				F9F1F9901B9E8C190052D17C /* CXCoreService.m */,
				F9F1FA0F1BA154020052D17C /* CXDefaultService.h */,
				F9F1FA101BA154020052D17C /* CXDefaultService.m */,
				F9F1FA121BA154E90052D17C /* CXTeHuiService.h */,
				F9F1FA131BA154E90052D17C /* CXTeHuiService.m */,
				F9A397991BA70ED30030BD19 /* CXServiceFactory.h */,
				F9A3979A1BA70ED30030BD19 /* CXServiceFactory.m */,
			);
			path = Service;
			sourceTree = "<group>";
		};
/* End PBXGroup section */

/* Begin PBXNativeTarget section */
		F97CEF551B916BF700621D33 /* CXNetworking */ = {
			isa = PBXNativeTarget;
			buildConfigurationList = F97CEF791B916BF700621D33 /* Build configuration list for PBXNativeTarget "CXNetworking" */;
			buildPhases = (
				F97CEF521B916BF700621D33 /* Sources */,
				F97CEF531B916BF700621D33 /* Frameworks */,
				F97CEF541B916BF700621D33 /* Resources */,
			);
			buildRules = (
			);
			dependencies = (
			);
			name = CXNetworking;
			productName = CXNetworking;
			productReference = F97CEF561B916BF700621D33 /* CXNetworking.app */;
			productType = "com.apple.product-type.application";
		};
		F97CEF6E1B916BF700621D33 /* CXNetworkingTests */ = {
			isa = PBXNativeTarget;
			buildConfigurationList = F97CEF7C1B916BF700621D33 /* Build configuration list for PBXNativeTarget "CXNetworkingTests" */;
			buildPhases = (
				F97CEF6B1B916BF700621D33 /* Sources */,
				F97CEF6C1B916BF700621D33 /* Frameworks */,
				F97CEF6D1B916BF700621D33 /* Resources */,
			);
			buildRules = (
			);
			dependencies = (
				F97CEF711B916BF700621D33 /* PBXTargetDependency */,
			);
			name = CXNetworkingTests;
			productName = CXNetworkingTests;
			productReference = F97CEF6F1B916BF700621D33 /* CXNetworkingTests.xctest */;
			productType = "com.apple.product-type.bundle.unit-test";
		};
/* End PBXNativeTarget section */

/* Begin PBXProject section */
		F97CEF4E1B916BF700621D33 /* Project object */ = {
			isa = PBXProject;
			attributes = {
				LastUpgradeCheck = 0640;
				ORGANIZATIONNAME = c_xie;
				TargetAttributes = {
					F97CEF551B916BF700621D33 = {
						CreatedOnToolsVersion = 6.4;
					};
					F97CEF6E1B916BF700621D33 = {
						CreatedOnToolsVersion = 6.4;
						TestTargetID = F97CEF551B916BF700621D33;
					};
				};
			};
			buildConfigurationList = F97CEF511B916BF700621D33 /* Build configuration list for PBXProject "CXNetworking" */;
			compatibilityVersion = "Xcode 3.2";
			developmentRegion = English;
			hasScannedForEncodings = 0;
			knownRegions = (
				en,
				Base,
			);
			mainGroup = F97CEF4D1B916BF700621D33;
			productRefGroup = F97CEF571B916BF700621D33 /* Products */;
			projectDirPath = "";
			projectRoot = "";
			targets = (
				F97CEF551B916BF700621D33 /* CXNetworking */,
				F97CEF6E1B916BF700621D33 /* CXNetworkingTests */,
			);
		};
/* End PBXProject section */

/* Begin PBXResourcesBuildPhase section */
		F97CEF541B916BF700621D33 /* Resources */ = {
			isa = PBXResourcesBuildPhase;
			buildActionMask = 2147483647;
			files = (
				F97CEF6A1B916BF700621D33 /* LaunchScreen.xib in Resources */,
				F97CEF671B916BF700621D33 /* Images.xcassets in Resources */,
				F9F1F9121B9C70000052D17C /* Main.storyboard in Resources */,
			);
			runOnlyForDeploymentPostprocessing = 0;
		};
		F97CEF6D1B916BF700621D33 /* Resources */ = {
			isa = PBXResourcesBuildPhase;
			buildActionMask = 2147483647;
			files = (
			);
			runOnlyForDeploymentPostprocessing = 0;
		};
/* End PBXResourcesBuildPhase section */

/* Begin PBXSourcesBuildPhase section */
		F97CEF521B916BF700621D33 /* Sources */ = {
			isa = PBXSourcesBuildPhase;
			buildActionMask = 2147483647;
			files = (
				F9F1F9331B9C90DB0052D17C /* CXRequestContext.m in Sources */,
				F9A397A51BA7C6230030BD19 /* CXUserDefaults.m in Sources */,
				F9A397B11BA8193E0030BD19 /* NSDictionary+Request.m in Sources */,
				F97CEF9C1B916D7700621D33 /* AFSecurityPolicy.m in Sources */,
				F9F1F9301B9C90DB0052D17C /* CXCommonParamsGenerator.m in Sources */,
				F9A397B71BA847B10030BD19 /* CXCoreResponse.m in Sources */,
				F97CEF5F1B916BF700621D33 /* AppDelegate.m in Sources */,
				F97CEF991B916D7700621D33 /* AFHTTPRequestOperationManager.m in Sources */,
				F9A397AE1BA8149B0030BD19 /* CXCommonParamsGenerater.m in Sources */,
				F9A397B41BA81DEC0030BD19 /* NSArray+Request.m in Sources */,
				F97CEFBC1B91EE3500621D33 /* NSArray+CXNetworkingMethods.m in Sources */,
				F9F1F9161B9C70640052D17C /* TeHuiAPIManager.m in Sources */,
				F97CEF9D1B916D7700621D33 /* AFURLConnectionOperation.m in Sources */,
				F9F1F9351B9C90DB0052D17C /* CXService.m in Sources */,
				F97CEF981B916D7700621D33 /* AFHTTPRequestOperation.m in Sources */,
				F9F1F9311B9C90DB0052D17C /* CXNetworkingBaseAPIManager.m in Sources */,
				F97CEFB91B91EE1F00621D33 /* NSDictionary+CXNetworkingMethods.m in Sources */,
				F9F1F9321B9C90DB0052D17C /* CXNetworkingConfiguration.m in Sources */,
				F9A397A21BA722890030BD19 /* CXAppUtils.m in Sources */,
				F9F1F9191B9C74380052D17C /* VCTools.m in Sources */,
				F9F1FA141BA154E90052D17C /* CXTeHuiService.m in Sources */,
				F9F1FA111BA154020052D17C /* CXDefaultService.m in Sources */,
				F9F1F98E1B9DE21C0052D17C /* CXCoreRequest.m in Sources */,
				F97CEF9E1B916D7700621D33 /* AFURLRequestSerialization.m in Sources */,
				F97CEF9A1B916D7700621D33 /* AFHTTPSessionManager.m in Sources */,
				F9A3979E1BA71A160030BD19 /* CXCoreContext.m in Sources */,
				F9F1F9131B9C70000052D17C /* ViewController.m in Sources */,
				F97CEF9B1B916D7700621D33 /* AFNetworkReachabilityManager.m in Sources */,
				F9F1F98B1B9DE1D30052D17C /* CXCoreProxy.m in Sources */,
				F9F1F92F1B9C90DB0052D17C /* CXApiProxy.m in Sources */,
				F9F1F9341B9C90DB0052D17C /* CXRequestGenerator.m in Sources */,
				F9A397AB1BA810370030BD19 /* CXSignatureGenerater.m in Sources */,
				F97CEFAA1B91A56F00621D33 /* NSURLRequest+CXNetworkingMethods.m in Sources */,
				F9F1F9361B9C90DB0052D17C /* CXURLResponse.m in Sources */,
				F97CEF9F1B916D7700621D33 /* AFURLResponseSerialization.m in Sources */,
				F97CEFA01B916D7700621D33 /* AFURLSessionManager.m in Sources */,
				F97CEF5C1B916BF700621D33 /* main.m in Sources */,
				F9F1F9911B9E8C190052D17C /* CXCoreService.m in Sources */,
				F9A3979B1BA70ED30030BD19 /* CXServiceFactory.m in Sources */,
			);
			runOnlyForDeploymentPostprocessing = 0;
		};
		F97CEF6B1B916BF700621D33 /* Sources */ = {
			isa = PBXSourcesBuildPhase;
			buildActionMask = 2147483647;
			files = (
				F97CEF761B916BF700621D33 /* CXNetworkingTests.m in Sources */,
			);
			runOnlyForDeploymentPostprocessing = 0;
		};
/* End PBXSourcesBuildPhase section */

/* Begin PBXTargetDependency section */
		F97CEF711B916BF700621D33 /* PBXTargetDependency */ = {
			isa = PBXTargetDependency;
			target = F97CEF551B916BF700621D33 /* CXNetworking */;
			targetProxy = F97CEF701B916BF700621D33 /* PBXContainerItemProxy */;
		};
/* End PBXTargetDependency section */

/* Begin PBXVariantGroup section */
		F97CEF681B916BF700621D33 /* LaunchScreen.xib */ = {
			isa = PBXVariantGroup;
			children = (
				F97CEF691B916BF700621D33 /* Base */,
			);
			name = LaunchScreen.xib;
			sourceTree = "<group>";
		};
/* End PBXVariantGroup section */

/* Begin XCBuildConfiguration section */
		F97CEF771B916BF700621D33 /* Debug */ = {
			isa = XCBuildConfiguration;
			buildSettings = {
				ALWAYS_SEARCH_USER_PATHS = NO;
				CLANG_CXX_LANGUAGE_STANDARD = "gnu++0x";
				CLANG_CXX_LIBRARY = "libc++";
				CLANG_ENABLE_MODULES = YES;
				CLANG_ENABLE_OBJC_ARC = YES;
				CLANG_WARN_BOOL_CONVERSION = YES;
				CLANG_WARN_CONSTANT_CONVERSION = YES;
				CLANG_WARN_DIRECT_OBJC_ISA_USAGE = YES_ERROR;
				CLANG_WARN_EMPTY_BODY = YES;
				CLANG_WARN_ENUM_CONVERSION = YES;
				CLANG_WARN_INT_CONVERSION = YES;
				CLANG_WARN_OBJC_ROOT_CLASS = YES_ERROR;
				CLANG_WARN_UNREACHABLE_CODE = YES;
				CLANG_WARN__DUPLICATE_METHOD_MATCH = YES;
				"CODE_SIGN_IDENTITY[sdk=iphoneos*]" = "iPhone Developer";
				COPY_PHASE_STRIP = NO;
				DEBUG_INFORMATION_FORMAT = "dwarf-with-dsym";
				ENABLE_STRICT_OBJC_MSGSEND = YES;
				GCC_C_LANGUAGE_STANDARD = gnu99;
				GCC_DYNAMIC_NO_PIC = NO;
				GCC_NO_COMMON_BLOCKS = YES;
				GCC_OPTIMIZATION_LEVEL = 0;
				GCC_PREPROCESSOR_DEFINITIONS = (
					"DEBUG=1",
					"$(inherited)",
				);
				GCC_SYMBOLS_PRIVATE_EXTERN = NO;
				GCC_WARN_64_TO_32_BIT_CONVERSION = YES;
				GCC_WARN_ABOUT_RETURN_TYPE = YES_ERROR;
				GCC_WARN_UNDECLARED_SELECTOR = YES;
				GCC_WARN_UNINITIALIZED_AUTOS = YES_AGGRESSIVE;
				GCC_WARN_UNUSED_FUNCTION = YES;
				GCC_WARN_UNUSED_VARIABLE = YES;
				IPHONEOS_DEPLOYMENT_TARGET = 8.4;
				MTL_ENABLE_DEBUG_INFO = YES;
				ONLY_ACTIVE_ARCH = YES;
				SDKROOT = iphoneos;
			};
			name = Debug;
		};
		F97CEF781B916BF700621D33 /* Release */ = {
			isa = XCBuildConfiguration;
			buildSettings = {
				ALWAYS_SEARCH_USER_PATHS = NO;
				CLANG_CXX_LANGUAGE_STANDARD = "gnu++0x";
				CLANG_CXX_LIBRARY = "libc++";
				CLANG_ENABLE_MODULES = YES;
				CLANG_ENABLE_OBJC_ARC = YES;
				CLANG_WARN_BOOL_CONVERSION = YES;
				CLANG_WARN_CONSTANT_CONVERSION = YES;
				CLANG_WARN_DIRECT_OBJC_ISA_USAGE = YES_ERROR;
				CLANG_WARN_EMPTY_BODY = YES;
				CLANG_WARN_ENUM_CONVERSION = YES;
				CLANG_WARN_INT_CONVERSION = YES;
				CLANG_WARN_OBJC_ROOT_CLASS = YES_ERROR;
				CLANG_WARN_UNREACHABLE_CODE = YES;
				CLANG_WARN__DUPLICATE_METHOD_MATCH = YES;
				"CODE_SIGN_IDENTITY[sdk=iphoneos*]" = "iPhone Developer";
				COPY_PHASE_STRIP = NO;
				DEBUG_INFORMATION_FORMAT = "dwarf-with-dsym";
				ENABLE_NS_ASSERTIONS = NO;
				ENABLE_STRICT_OBJC_MSGSEND = YES;
				GCC_C_LANGUAGE_STANDARD = gnu99;
				GCC_NO_COMMON_BLOCKS = YES;
				GCC_WARN_64_TO_32_BIT_CONVERSION = YES;
				GCC_WARN_ABOUT_RETURN_TYPE = YES_ERROR;
				GCC_WARN_UNDECLARED_SELECTOR = YES;
				GCC_WARN_UNINITIALIZED_AUTOS = YES_AGGRESSIVE;
				GCC_WARN_UNUSED_FUNCTION = YES;
				GCC_WARN_UNUSED_VARIABLE = YES;
				IPHONEOS_DEPLOYMENT_TARGET = 8.4;
				MTL_ENABLE_DEBUG_INFO = NO;
				SDKROOT = iphoneos;
				VALIDATE_PRODUCT = YES;
			};
			name = Release;
		};
		F97CEF7A1B916BF700621D33 /* Debug */ = {
			isa = XCBuildConfiguration;
			buildSettings = {
				ASSETCATALOG_COMPILER_APPICON_NAME = AppIcon;
				ASSETCATALOG_COMPILER_LAUNCHIMAGE_NAME = LaunchImage;
				INFOPLIST_FILE = CXNetworking/Info.plist;
				IPHONEOS_DEPLOYMENT_TARGET = 7.0;
				LD_RUNPATH_SEARCH_PATHS = "$(inherited) @executable_path/Frameworks";
				PRODUCT_NAME = "$(TARGET_NAME)";
			};
			name = Debug;
		};
		F97CEF7B1B916BF700621D33 /* Release */ = {
			isa = XCBuildConfiguration;
			buildSettings = {
				ASSETCATALOG_COMPILER_APPICON_NAME = AppIcon;
				ASSETCATALOG_COMPILER_LAUNCHIMAGE_NAME = LaunchImage;
				INFOPLIST_FILE = CXNetworking/Info.plist;
				IPHONEOS_DEPLOYMENT_TARGET = 7.0;
				LD_RUNPATH_SEARCH_PATHS = "$(inherited) @executable_path/Frameworks";
				PRODUCT_NAME = "$(TARGET_NAME)";
			};
			name = Release;
		};
		F97CEF7D1B916BF700621D33 /* Debug */ = {
			isa = XCBuildConfiguration;
			buildSettings = {
				BUNDLE_LOADER = "$(TEST_HOST)";
				FRAMEWORK_SEARCH_PATHS = (
					"$(SDKROOT)/Developer/Library/Frameworks",
					"$(inherited)",
				);
				GCC_PREPROCESSOR_DEFINITIONS = (
					"DEBUG=1",
					"$(inherited)",
				);
				INFOPLIST_FILE = CXNetworkingTests/Info.plist;
				LD_RUNPATH_SEARCH_PATHS = "$(inherited) @executable_path/Frameworks @loader_path/Frameworks";
				PRODUCT_NAME = "$(TARGET_NAME)";
				TEST_HOST = "$(BUILT_PRODUCTS_DIR)/CXNetworking.app/CXNetworking";
			};
			name = Debug;
		};
		F97CEF7E1B916BF700621D33 /* Release */ = {
			isa = XCBuildConfiguration;
			buildSettings = {
				BUNDLE_LOADER = "$(TEST_HOST)";
				FRAMEWORK_SEARCH_PATHS = (
					"$(SDKROOT)/Developer/Library/Frameworks",
					"$(inherited)",
				);
				INFOPLIST_FILE = CXNetworkingTests/Info.plist;
				LD_RUNPATH_SEARCH_PATHS = "$(inherited) @executable_path/Frameworks @loader_path/Frameworks";
				PRODUCT_NAME = "$(TARGET_NAME)";
				TEST_HOST = "$(BUILT_PRODUCTS_DIR)/CXNetworking.app/CXNetworking";
			};
			name = Release;
		};
/* End XCBuildConfiguration section */

/* Begin XCConfigurationList section */
		F97CEF511B916BF700621D33 /* Build configuration list for PBXProject "CXNetworking" */ = {
			isa = XCConfigurationList;
			buildConfigurations = (
				F97CEF771B916BF700621D33 /* Debug */,
				F97CEF781B916BF700621D33 /* Release */,
			);
			defaultConfigurationIsVisible = 0;
			defaultConfigurationName = Release;
		};
		F97CEF791B916BF700621D33 /* Build configuration list for PBXNativeTarget "CXNetworking" */ = {
			isa = XCConfigurationList;
			buildConfigurations = (
				F97CEF7A1B916BF700621D33 /* Debug */,
				F97CEF7B1B916BF700621D33 /* Release */,
			);
			defaultConfigurationIsVisible = 0;
			defaultConfigurationName = Release;
		};
		F97CEF7C1B916BF700621D33 /* Build configuration list for PBXNativeTarget "CXNetworkingTests" */ = {
			isa = XCConfigurationList;
			buildConfigurations = (
				F97CEF7D1B916BF700621D33 /* Debug */,
				F97CEF7E1B916BF700621D33 /* Release */,
			);
			defaultConfigurationIsVisible = 0;
			defaultConfigurationName = Release;
		};
/* End XCConfigurationList section */
	};
	rootObject = F97CEF4E1B916BF700621D33 /* Project object */;
}
